PODS:
  - BrightFutures (8.0.0)
  - RecordButton (1.0.2)
  - SceneKitVideoRecorder (1.6.0):
    - BrightFutures

DEPENDENCIES:
  - RecordButton
  - SceneKitVideoRecorder

SPEC REPOS:
  https://github.com/cocoapods/specs.git:
    - BrightFutures
    - RecordButton
    - SceneKitVideoRecorder

SPEC CHECKSUMS:
  BrightFutures: f8427b46feabaf73c5e71ace7d86d65dfbb47696
  RecordButton: 76677be0f4b94f8a387454a23b4b64bd9b6c0e51
  SceneKitVideoRecorder: 33e4ae8148f4633cf8a965c903c81f35ade4db88

PODFILE CHECKSUM: 1b66fe47c75820f6709dda230f8f1a69100136d4

COCOAPODS: 1.6.1
